
Microsoft Visual Studio Solution File, Format Version 12.00
# Visual Studio 15
VisualStudioVersion = 15.0.27428.2037
MinimumVisualStudioVersion = 10.0.40219.1
Project("{FAE04EC0-301F-11D3-BF4B-00C04F79EFBC}") = "StrongNameVerificationSkipping.WebJob", "StrongNameVerificationSkipping.WebJob\StrongNameVerificationSkipping.WebJob.csproj", "{67294C12-0D97-46CF-B3B4-B448FB2536D0}"
EndProject
Project("{2150E333-8FDC-42A3-9474-1A3956D46DE8}") = "Solution Items", "Solution Items", "{A4F4D1D3-AA7A-48B6-9111-53C5BE0D74BA}"
	ProjectSection(SolutionItems) = preProject
		NuGet.Config = NuGet.Config
	EndProjectSection
EndProject
Project("{FAE04EC0-301F-11D3-BF4B-00C04F79EFBC}") = "StrongNameVerificationSkipping.WebJob64", "StrongNameVerificationSkipping.WebJob64\StrongNameVerificationSkipping.WebJob64.csproj", "{1B356EAF-0118-47BF-8B76-5B710927F67D}"
EndProject
Project("{FAE04EC0-301F-11D3-BF4B-00C04F79EFBC}") = "StrongNameVerificationSkipping.DelayedSign", "StrongNameVerificationSkipping.DelayedSign\StrongNameVerificationSkipping.DelayedSign.csproj", "{28641ADF-50D4-4B6E-91FC-1E973015E17A}"
EndProject
Global
	GlobalSection(SolutionConfigurationPlatforms) = preSolution
		Debug|Any CPU = Debug|Any CPU
		Release|Any CPU = Release|Any CPU
	EndGlobalSection
	GlobalSection(ProjectConfigurationPlatforms) = postSolution
		{67294C12-0D97-46CF-B3B4-B448FB2536D0}.Debug|Any CPU.ActiveCfg = Debug|Any CPU
		{67294C12-0D97-46CF-B3B4-B448FB2536D0}.Debug|Any CPU.Build.0 = Debug|Any CPU
		{67294C12-0D97-46CF-B3B4-B448FB2536D0}.Release|Any CPU.ActiveCfg = Release|Any CPU
		{67294C12-0D97-46CF-B3B4-B448FB2536D0}.Release|Any CPU.Build.0 = Release|Any CPU
		{1B356EAF-0118-47BF-8B76-5B710927F67D}.Debug|Any CPU.ActiveCfg = Debug|Any CPU
		{1B356EAF-0118-47BF-8B76-5B710927F67D}.Debug|Any CPU.Build.0 = Debug|Any CPU
		{1B356EAF-0118-47BF-8B76-5B710927F67D}.Release|Any CPU.ActiveCfg = Release|Any CPU
		{1B356EAF-0118-47BF-8B76-5B710927F67D}.Release|Any CPU.Build.0 = Release|Any CPU
		{28641ADF-50D4-4B6E-91FC-1E973015E17A}.Debug|Any CPU.ActiveCfg = Debug|Any CPU
		{28641ADF-50D4-4B6E-91FC-1E973015E17A}.Debug|Any CPU.Build.0 = Debug|Any CPU
		{28641ADF-50D4-4B6E-91FC-1E973015E17A}.Release|Any CPU.ActiveCfg = Release|Any CPU
		{28641ADF-50D4-4B6E-91FC-1E973015E17A}.Release|Any CPU.Build.0 = Release|Any CPU
	EndGlobalSection
	GlobalSection(SolutionProperties) = preSolution
		HideSolutionNode = FALSE
	EndGlobalSection
	GlobalSection(ExtensibilityGlobals) = postSolution
		SolutionGuid = {AD10EAA6-B465-4307-83B4-20FBAB095AF9}
	EndGlobalSection
EndGlobal
